
Microsoft Visual Studio Solution File, Format Version 12.00
# Visual Studio Version 17
VisualStudioVersion = 17.7.34024.191
MinimumVisualStudioVersion = 10.0.40219.1
Project("{FAE04EC0-301F-11D3-BF4B-00C04F79EFBC}") = "04.10Task1", "04.10Task1\04.10Task1.csproj", "{0730CF1B-41DC-4AB6-8007-B37E14D64C7E}"
EndProject
Global
	GlobalSection(SolutionConfigurationPlatforms) = preSolution
		Debug|Any CPU = Debug|Any CPU
		Release|Any CPU = Release|Any CPU
	EndGlobalSection
	GlobalSection(ProjectConfigurationPlatforms) = postSolution
		{0730CF1B-41DC-4AB6-8007-B37E14D64C7E}.Debug|Any CPU.ActiveCfg = Debug|Any CPU
		{0730CF1B-41DC-4AB6-8007-B37E14D64C7E}.Debug|Any CPU.Build.0 = Debug|Any CPU
		{0730CF1B-41DC-4AB6-8007-B37E14D64C7E}.Release|Any CPU.ActiveCfg = Release|Any CPU
		{0730CF1B-41DC-4AB6-8007-B37E14D64C7E}.Release|Any CPU.Build.0 = Release|Any CPU
	EndGlobalSection
	GlobalSection(SolutionProperties) = preSolution
		HideSolutionNode = FALSE
	EndGlobalSection
	GlobalSection(ExtensibilityGlobals) = postSolution
		SolutionGuid = {E64E9EDA-760D-46CE-A1AA-C31C3CB1C050}
	EndGlobalSection
EndGlobal
